
Microsoft Visual Studio Solution File, Format Version 12.00
# Visual Studio 14
VisualStudioVersion = 14.0.25420.1
MinimumVisualStudioVersion = 10.0.40219.1
Project("{FAE04EC0-301F-11D3-BF4B-00C04F79EFBC}") = "Domein_Kleding", "Domein\Domein_Kleding.csproj", "{84921053-3C66-4696-8809-0DED7EA191F9}"
EndProject
Project("{FAE04EC0-301F-11D3-BF4B-00C04F79EFBC}") = "Presentation_Kleding", "Presentation_Kleding\Presentation_Kleding.csproj", "{4874AE8B-D56E-4278-807E-B47252ECF09F}"
EndProject
Project("{FAE04EC0-301F-11D3-BF4B-00C04F79EFBC}") = "Test02", "Test02\Test02.csproj", "{8C0C83A8-E3F5-46DF-B346-86ED16CD109D}"
EndProject
Global
	GlobalSection(SolutionConfigurationPlatforms) = preSolution
		Debug|Any CPU = Debug|Any CPU
		Release|Any CPU = Release|Any CPU
	EndGlobalSection
	GlobalSection(ProjectConfigurationPlatforms) = postSolution
		{84921053-3C66-4696-8809-0DED7EA191F9}.Debug|Any CPU.ActiveCfg = Debug|Any CPU
		{84921053-3C66-4696-8809-0DED7EA191F9}.Debug|Any CPU.Build.0 = Debug|Any CPU
		{84921053-3C66-4696-8809-0DED7EA191F9}.Release|Any CPU.ActiveCfg = Release|Any CPU
		{84921053-3C66-4696-8809-0DED7EA191F9}.Release|Any CPU.Build.0 = Release|Any CPU
		{4874AE8B-D56E-4278-807E-B47252ECF09F}.Debug|Any CPU.ActiveCfg = Debug|Any CPU
		{4874AE8B-D56E-4278-807E-B47252ECF09F}.Debug|Any CPU.Build.0 = Debug|Any CPU
		{4874AE8B-D56E-4278-807E-B47252ECF09F}.Release|Any CPU.ActiveCfg = Release|Any CPU
		{4874AE8B-D56E-4278-807E-B47252ECF09F}.Release|Any CPU.Build.0 = Release|Any CPU
		{8C0C83A8-E3F5-46DF-B346-86ED16CD109D}.Debug|Any CPU.ActiveCfg = Debug|Any CPU
		{8C0C83A8-E3F5-46DF-B346-86ED16CD109D}.Debug|Any CPU.Build.0 = Debug|Any CPU
		{8C0C83A8-E3F5-46DF-B346-86ED16CD109D}.Release|Any CPU.ActiveCfg = Release|Any CPU
		{8C0C83A8-E3F5-46DF-B346-86ED16CD109D}.Release|Any CPU.Build.0 = Release|Any CPU
	EndGlobalSection
	GlobalSection(SolutionProperties) = preSolution
		HideSolutionNode = FALSE
	EndGlobalSection
EndGlobal
